// !$*UTF8*$!
{
	archiveVersion = 1;
	classes = {
	};
	objectVersion = 55;
	objects = {

/* Begin PBXBuildFile section */
		4792144828B56DCD005D1BDE /* ChatViewController.swift in Sources */ = {isa = PBXBuildFile; fileRef = 4792144728B56DCD005D1BDE /* ChatViewController.swift */; };
		4792145028B6E035005D1BDE /* LoginViewController.swift in Sources */ = {isa = PBXBuildFile; fileRef = 4792144F28B6E035005D1BDE /* LoginViewController.swift */; };
		4792145228B6E065005D1BDE /* RegisterViewController.swift in Sources */ = {isa = PBXBuildFile; fileRef = 4792145128B6E065005D1BDE /* RegisterViewController.swift */; };
		4792145428B6E0F1005D1BDE /* PhotoViewerViewController.swift in Sources */ = {isa = PBXBuildFile; fileRef = 4792145328B6E0F1005D1BDE /* PhotoViewerViewController.swift */; };
		4792145628B6E120005D1BDE /* VideoPlayerViewController.swift in Sources */ = {isa = PBXBuildFile; fileRef = 4792145528B6E120005D1BDE /* VideoPlayerViewController.swift */; };
		4792145828B6E175005D1BDE /* NewConversationViewController.swift in Sources */ = {isa = PBXBuildFile; fileRef = 4792145728B6E175005D1BDE /* NewConversationViewController.swift */; };
		4792145A28B6E19C005D1BDE /* ProfileViewController.swift in Sources */ = {isa = PBXBuildFile; fileRef = 4792145928B6E19C005D1BDE /* ProfileViewController.swift */; };
		47B3F8F028B5479900FD3F2A /* AppDelegate.swift in Sources */ = {isa = PBXBuildFile; fileRef = 47B3F8EF28B5479900FD3F2A /* AppDelegate.swift */; };
		47B3F8F228B5479900FD3F2A /* SceneDelegate.swift in Sources */ = {isa = PBXBuildFile; fileRef = 47B3F8F128B5479900FD3F2A /* SceneDelegate.swift */; };
		47B3F8F428B5479900FD3F2A /* ConversationsViewController.swift in Sources */ = {isa = PBXBuildFile; fileRef = 47B3F8F328B5479900FD3F2A /* ConversationsViewController.swift */; };
		47B3F8F728B5479900FD3F2A /* Main.storyboard in Resources */ = {isa = PBXBuildFile; fileRef = 47B3F8F528B5479900FD3F2A /* Main.storyboard */; };
		47B3F8F928B5479A00FD3F2A /* Assets.xcassets in Resources */ = {isa = PBXBuildFile; fileRef = 47B3F8F828B5479A00FD3F2A /* Assets.xcassets */; };
		47B3F8FC28B5479A00FD3F2A /* LaunchScreen.storyboard in Resources */ = {isa = PBXBuildFile; fileRef = 47B3F8FA28B5479A00FD3F2A /* LaunchScreen.storyboard */; };
		F3081A84FA1E874B2DEC750B /* Pods_MyMessages.framework in Frameworks */ = {isa = PBXBuildFile; fileRef = B295750ACE185CCDA0BE182D /* Pods_MyMessages.framework */; };
/* End PBXBuildFile section */

/* Begin PBXFileReference section */
		28848F9C07CE14B4F98C805C /* Pods-MyMessages.release.xcconfig */ = {isa = PBXFileReference; includeInIndex = 1; lastKnownFileType = text.xcconfig; name = "Pods-MyMessages.release.xcconfig"; path = "Target Support Files/Pods-MyMessages/Pods-MyMessages.release.xcconfig"; sourceTree = "<group>"; };
		4792144728B56DCD005D1BDE /* ChatViewController.swift */ = {isa = PBXFileReference; lastKnownFileType = sourcecode.swift; path = ChatViewController.swift; sourceTree = "<group>"; };
		4792144F28B6E035005D1BDE /* LoginViewController.swift */ = {isa = PBXFileReference; lastKnownFileType = sourcecode.swift; path = LoginViewController.swift; sourceTree = "<group>"; };
		4792145128B6E065005D1BDE /* RegisterViewController.swift */ = {isa = PBXFileReference; lastKnownFileType = sourcecode.swift; path = RegisterViewController.swift; sourceTree = "<group>"; };
		4792145328B6E0F1005D1BDE /* PhotoViewerViewController.swift */ = {isa = PBXFileReference; lastKnownFileType = sourcecode.swift; path = PhotoViewerViewController.swift; sourceTree = "<group>"; };
		4792145528B6E120005D1BDE /* VideoPlayerViewController.swift */ = {isa = PBXFileReference; lastKnownFileType = sourcecode.swift; path = VideoPlayerViewController.swift; sourceTree = "<group>"; };
		4792145728B6E175005D1BDE /* NewConversationViewController.swift */ = {isa = PBXFileReference; lastKnownFileType = sourcecode.swift; path = NewConversationViewController.swift; sourceTree = "<group>"; };
		4792145928B6E19C005D1BDE /* ProfileViewController.swift */ = {isa = PBXFileReference; lastKnownFileType = sourcecode.swift; path = ProfileViewController.swift; sourceTree = "<group>"; };
		47B3F8EC28B5479900FD3F2A /* MyMessages.app */ = {isa = PBXFileReference; explicitFileType = wrapper.application; includeInIndex = 0; path = MyMessages.app; sourceTree = BUILT_PRODUCTS_DIR; };
		47B3F8EF28B5479900FD3F2A /* AppDelegate.swift */ = {isa = PBXFileReference; lastKnownFileType = sourcecode.swift; path = AppDelegate.swift; sourceTree = "<group>"; };
		47B3F8F128B5479900FD3F2A /* SceneDelegate.swift */ = {isa = PBXFileReference; lastKnownFileType = sourcecode.swift; path = SceneDelegate.swift; sourceTree = "<group>"; };
		47B3F8F328B5479900FD3F2A /* ConversationsViewController.swift */ = {isa = PBXFileReference; lastKnownFileType = sourcecode.swift; path = ConversationsViewController.swift; sourceTree = "<group>"; };
		47B3F8F628B5479900FD3F2A /* Base */ = {isa = PBXFileReference; lastKnownFileType = file.storyboard; name = Base; path = Base.lproj/Main.storyboard; sourceTree = "<group>"; };
		47B3F8F828B5479A00FD3F2A /* Assets.xcassets */ = {isa = PBXFileReference; lastKnownFileType = folder.assetcatalog; path = Assets.xcassets; sourceTree = "<group>"; };
		47B3F8FB28B5479A00FD3F2A /* Base */ = {isa = PBXFileReference; lastKnownFileType = file.storyboard; name = Base; path = Base.lproj/LaunchScreen.storyboard; sourceTree = "<group>"; };
		47B3F8FD28B5479A00FD3F2A /* Info.plist */ = {isa = PBXFileReference; lastKnownFileType = text.plist.xml; path = Info.plist; sourceTree = "<group>"; };
		526F3E2A9F877D33669B4B93 /* Pods-MyMessages.debug.xcconfig */ = {isa = PBXFileReference; includeInIndex = 1; lastKnownFileType = text.xcconfig; name = "Pods-MyMessages.debug.xcconfig"; path = "Target Support Files/Pods-MyMessages/Pods-MyMessages.debug.xcconfig"; sourceTree = "<group>"; };
		B295750ACE185CCDA0BE182D /* Pods_MyMessages.framework */ = {isa = PBXFileReference; explicitFileType = wrapper.framework; includeInIndex = 0; path = Pods_MyMessages.framework; sourceTree = BUILT_PRODUCTS_DIR; };
/* End PBXFileReference section */

/* Begin PBXFrameworksBuildPhase section */
		47B3F8E928B5479900FD3F2A /* Frameworks */ = {
			isa = PBXFrameworksBuildPhase;
			buildActionMask = 2147483647;
			files = (
				F3081A84FA1E874B2DEC750B /* Pods_MyMessages.framework in Frameworks */,
			);
			runOnlyForDeploymentPostprocessing = 0;
		};
/* End PBXFrameworksBuildPhase section */

/* Begin PBXGroup section */
		4792144928B69342005D1BDE /* Views */ = {
			isa = PBXGroup;
			children = (
				4792144E28B693E0005D1BDE /* Storyboards */,
				47B3F8F828B5479A00FD3F2A /* Assets.xcassets */,
			);
			path = Views;
			sourceTree = "<group>";
		};
		4792144A28B6934A005D1BDE /* Controllers */ = {
			isa = PBXGroup;
			children = (
				47B3F8F328B5479900FD3F2A /* ConversationsViewController.swift */,
				4792144728B56DCD005D1BDE /* ChatViewController.swift */,
				4792144F28B6E035005D1BDE /* LoginViewController.swift */,
				4792145128B6E065005D1BDE /* RegisterViewController.swift */,
				4792145328B6E0F1005D1BDE /* PhotoViewerViewController.swift */,
				4792145528B6E120005D1BDE /* VideoPlayerViewController.swift */,
				4792145728B6E175005D1BDE /* NewConversationViewController.swift */,
				4792145928B6E19C005D1BDE /* ProfileViewController.swift */,
			);
			path = Controllers;
			sourceTree = "<group>";
		};
		4792144B28B69356005D1BDE /* Models */ = {
			isa = PBXGroup;
			children = (
			);
			path = Models;
			sourceTree = "<group>";
		};
		4792144C28B69364005D1BDE /* ViewModels */ = {
			isa = PBXGroup;
			children = (
			);
			path = ViewModels;
			sourceTree = "<group>";
		};
		4792144D28B69375005D1BDE /* Resources */ = {
			isa = PBXGroup;
			children = (
				47B3F8EF28B5479900FD3F2A /* AppDelegate.swift */,
				47B3F8F128B5479900FD3F2A /* SceneDelegate.swift */,
			);
			path = Resources;
			sourceTree = "<group>";
		};
		4792144E28B693E0005D1BDE /* Storyboards */ = {
			isa = PBXGroup;
			children = (
				47B3F8F528B5479900FD3F2A /* Main.storyboard */,
				47B3F8FA28B5479A00FD3F2A /* LaunchScreen.storyboard */,
			);
			path = Storyboards;
			sourceTree = "<group>";
		};
		47B3F8E328B5479900FD3F2A = {
			isa = PBXGroup;
			children = (
				47B3F8EE28B5479900FD3F2A /* MyMessages */,
				47B3F8ED28B5479900FD3F2A /* Products */,
				E00095D01D044F473F5CF001 /* Pods */,
				644B5C95732D75048B19A0BE /* Frameworks */,
			);
			sourceTree = "<group>";
		};
		47B3F8ED28B5479900FD3F2A /* Products */ = {
			isa = PBXGroup;
			children = (
				47B3F8EC28B5479900FD3F2A /* MyMessages.app */,
			);
			name = Products;
			sourceTree = "<group>";
		};
		47B3F8EE28B5479900FD3F2A /* MyMessages */ = {
			isa = PBXGroup;
			children = (
				4792144D28B69375005D1BDE /* Resources */,
				4792144C28B69364005D1BDE /* ViewModels */,
				4792144B28B69356005D1BDE /* Models */,
				4792144A28B6934A005D1BDE /* Controllers */,
				4792144928B69342005D1BDE /* Views */,
				47B3F8FD28B5479A00FD3F2A /* Info.plist */,
			);
			path = MyMessages;
			sourceTree = "<group>";
		};
		644B5C95732D75048B19A0BE /* Frameworks */ = {
			isa = PBXGroup;
			children = (
				B295750ACE185CCDA0BE182D /* Pods_MyMessages.framework */,
			);
			name = Frameworks;
			sourceTree = "<group>";
		};
		E00095D01D044F473F5CF001 /* Pods */ = {
			isa = PBXGroup;
			children = (
				526F3E2A9F877D33669B4B93 /* Pods-MyMessages.debug.xcconfig */,
				28848F9C07CE14B4F98C805C /* Pods-MyMessages.release.xcconfig */,
			);
			path = Pods;
			sourceTree = "<group>";
		};
/* End PBXGroup section */

/* Begin PBXNativeTarget section */
		47B3F8EB28B5479900FD3F2A /* MyMessages */ = {
			isa = PBXNativeTarget;
			buildConfigurationList = 47B3F90028B5479A00FD3F2A /* Build configuration list for PBXNativeTarget "MyMessages" */;
			buildPhases = (
				E450C646A7EA969B42BA676C /* [CP] Check Pods Manifest.lock */,
				47B3F8E828B5479900FD3F2A /* Sources */,
				47B3F8E928B5479900FD3F2A /* Frameworks */,
				47B3F8EA28B5479900FD3F2A /* Resources */,
				58BC608969AAE181BB687C87 /* [CP] Embed Pods Frameworks */,
			);
			buildRules = (
			);
			dependencies = (
			);
			name = MyMessages;
			productName = MyMessages;
			productReference = 47B3F8EC28B5479900FD3F2A /* MyMessages.app */;
			productType = "com.apple.product-type.application";
		};
/* End PBXNativeTarget section */

/* Begin PBXProject section */
		47B3F8E428B5479900FD3F2A /* Project object */ = {
			isa = PBXProject;
			attributes = {
				BuildIndependentTargetsInParallel = 1;
				LastSwiftUpdateCheck = 1340;
				LastUpgradeCheck = 1340;
				TargetAttributes = {
					47B3F8EB28B5479900FD3F2A = {
						CreatedOnToolsVersion = 13.4.1;
					};
				};
			};
			buildConfigurationList = 47B3F8E728B5479900FD3F2A /* Build configuration list for PBXProject "MyMessages" */;
			compatibilityVersion = "Xcode 13.0";
			developmentRegion = en;
			hasScannedForEncodings = 0;
			knownRegions = (
				en,
				Base,
			);
			mainGroup = 47B3F8E328B5479900FD3F2A;
			productRefGroup = 47B3F8ED28B5479900FD3F2A /* Products */;
			projectDirPath = "";
			projectRoot = "";
			targets = (
				47B3F8EB28B5479900FD3F2A /* MyMessages */,
			);
		};
/* End PBXProject section */

/* Begin PBXResourcesBuildPhase section */
		47B3F8EA28B5479900FD3F2A /* Resources */ = {
			isa = PBXResourcesBuildPhase;
			buildActionMask = 2147483647;
			files = (
				47B3F8FC28B5479A00FD3F2A /* LaunchScreen.storyboard in Resources */,
				47B3F8F928B5479A00FD3F2A /* Assets.xcassets in Resources */,
				47B3F8F728B5479900FD3F2A /* Main.storyboard in Resources */,
			);
			runOnlyForDeploymentPostprocessing = 0;
		};
/* End PBXResourcesBuildPhase section */

/* Begin PBXShellScriptBuildPhase section */
		58BC608969AAE181BB687C87 /* [CP] Embed Pods Frameworks */ = {
			isa = PBXShellScriptBuildPhase;
			buildActionMask = 2147483647;
			files = (
			);
			inputFileListPaths = (
				"${PODS_ROOT}/Target Support Files/Pods-MyMessages/Pods-MyMessages-frameworks-${CONFIGURATION}-input-files.xcfilelist",
			);
			name = "[CP] Embed Pods Frameworks";
			outputFileListPaths = (
				"${PODS_ROOT}/Target Support Files/Pods-MyMessages/Pods-MyMessages-frameworks-${CONFIGURATION}-output-files.xcfilelist",
			);
			runOnlyForDeploymentPostprocessing = 0;
			shellPath = /bin/sh;
			shellScript = "\"${PODS_ROOT}/Target Support Files/Pods-MyMessages/Pods-MyMessages-frameworks.sh\"\n";
			showEnvVarsInLog = 0;
		};
		E450C646A7EA969B42BA676C /* [CP] Check Pods Manifest.lock */ = {
			isa = PBXShellScriptBuildPhase;
			buildActionMask = 2147483647;
			files = (
			);
			inputFileListPaths = (
			);
			inputPaths = (
				"${PODS_PODFILE_DIR_PATH}/Podfile.lock",
				"${PODS_ROOT}/Manifest.lock",
			);
			name = "[CP] Check Pods Manifest.lock";
			outputFileListPaths = (
			);
			outputPaths = (
				"$(DERIVED_FILE_DIR)/Pods-MyMessages-checkManifestLockResult.txt",
			);
			runOnlyForDeploymentPostprocessing = 0;
			shellPath = /bin/sh;
			shellScript = "diff \"${PODS_PODFILE_DIR_PATH}/Podfile.lock\" \"${PODS_ROOT}/Manifest.lock\" > /dev/null\nif [ $? != 0 ] ; then\n    # print error to STDERR\n    echo \"error: The sandbox is not in sync with the Podfile.lock. Run 'pod install' or update your CocoaPods installation.\" >&2\n    exit 1\nfi\n# This output is used by Xcode 'outputs' to avoid re-running this script phase.\necho \"SUCCESS\" > \"${SCRIPT_OUTPUT_FILE_0}\"\n";
			showEnvVarsInLog = 0;
		};
/* End PBXShellScriptBuildPhase section */

/* Begin PBXSourcesBuildPhase section */
		47B3F8E828B5479900FD3F2A /* Sources */ = {
			isa = PBXSourcesBuildPhase;
			buildActionMask = 2147483647;
			files = (
				47B3F8F428B5479900FD3F2A /* ConversationsViewController.swift in Sources */,
				47B3F8F028B5479900FD3F2A /* AppDelegate.swift in Sources */,
				4792145A28B6E19C005D1BDE /* ProfileViewController.swift in Sources */,
				4792144828B56DCD005D1BDE /* ChatViewController.swift in Sources */,
				4792145428B6E0F1005D1BDE /* PhotoViewerViewController.swift in Sources */,
				4792145228B6E065005D1BDE /* RegisterViewController.swift in Sources */,
				4792145628B6E120005D1BDE /* VideoPlayerViewController.swift in Sources */,
				4792145828B6E175005D1BDE /* NewConversationViewController.swift in Sources */,
				4792145028B6E035005D1BDE /* LoginViewController.swift in Sources */,
				47B3F8F228B5479900FD3F2A /* SceneDelegate.swift in Sources */,
			);
			runOnlyForDeploymentPostprocessing = 0;
		};
/* End PBXSourcesBuildPhase section */

/* Begin PBXVariantGroup section */
		47B3F8F528B5479900FD3F2A /* Main.storyboard */ = {
			isa = PBXVariantGroup;
			children = (
				47B3F8F628B5479900FD3F2A /* Base */,
			);
			name = Main.storyboard;
			sourceTree = "<group>";
		};
		47B3F8FA28B5479A00FD3F2A /* LaunchScreen.storyboard */ = {
			isa = PBXVariantGroup;
			children = (
				47B3F8FB28B5479A00FD3F2A /* Base */,
			);
			name = LaunchScreen.storyboard;
			sourceTree = "<group>";
		};
/* End PBXVariantGroup section */

/* Begin XCBuildConfiguration section */
		47B3F8FE28B5479A00FD3F2A /* Debug */ = {
			isa = XCBuildConfiguration;
			buildSettings = {
				ALWAYS_SEARCH_USER_PATHS = NO;
				CLANG_ANALYZER_NONNULL = YES;
				CLANG_ANALYZER_NUMBER_OBJECT_CONVERSION = YES_AGGRESSIVE;
				CLANG_CXX_LANGUAGE_STANDARD = "gnu++17";
				CLANG_ENABLE_MODULES = YES;
				CLANG_ENABLE_OBJC_ARC = YES;
				CLANG_ENABLE_OBJC_WEAK = YES;
				CLANG_WARN_BLOCK_CAPTURE_AUTORELEASING = YES;
				CLANG_WARN_BOOL_CONVERSION = YES;
				CLANG_WARN_COMMA = YES;
				CLANG_WARN_CONSTANT_CONVERSION = YES;
				CLANG_WARN_DEPRECATED_OBJC_IMPLEMENTATIONS = YES;
				CLANG_WARN_DIRECT_OBJC_ISA_USAGE = YES_ERROR;
				CLANG_WARN_DOCUMENTATION_COMMENTS = YES;
				CLANG_WARN_EMPTY_BODY = YES;
				CLANG_WARN_ENUM_CONVERSION = YES;
				CLANG_WARN_INFINITE_RECURSION = YES;
				CLANG_WARN_INT_CONVERSION = YES;
				CLANG_WARN_NON_LITERAL_NULL_CONVERSION = YES;
				CLANG_WARN_OBJC_IMPLICIT_RETAIN_SELF = YES;
				CLANG_WARN_OBJC_LITERAL_CONVERSION = YES;
				CLANG_WARN_OBJC_ROOT_CLASS = YES_ERROR;
				CLANG_WARN_QUOTED_INCLUDE_IN_FRAMEWORK_HEADER = YES;
				CLANG_WARN_RANGE_LOOP_ANALYSIS = YES;
				CLANG_WARN_STRICT_PROTOTYPES = YES;
				CLANG_WARN_SUSPICIOUS_MOVE = YES;
				CLANG_WARN_UNGUARDED_AVAILABILITY = YES_AGGRESSIVE;
				CLANG_WARN_UNREACHABLE_CODE = YES;
				CLANG_WARN__DUPLICATE_METHOD_MATCH = YES;
				COPY_PHASE_STRIP = NO;
				DEBUG_INFORMATION_FORMAT = dwarf;
				ENABLE_STRICT_OBJC_MSGSEND = YES;
				ENABLE_TESTABILITY = YES;
				GCC_C_LANGUAGE_STANDARD = gnu11;
				GCC_DYNAMIC_NO_PIC = NO;
				GCC_NO_COMMON_BLOCKS = YES;
				GCC_OPTIMIZATION_LEVEL = 0;
				GCC_PREPROCESSOR_DEFINITIONS = (
					"DEBUG=1",
					"$(inherited)",
				);
				GCC_WARN_64_TO_32_BIT_CONVERSION = YES;
				GCC_WARN_ABOUT_RETURN_TYPE = YES_ERROR;
				GCC_WARN_UNDECLARED_SELECTOR = YES;
				GCC_WARN_UNINITIALIZED_AUTOS = YES_AGGRESSIVE;
				GCC_WARN_UNUSED_FUNCTION = YES;
				GCC_WARN_UNUSED_VARIABLE = YES;
				IPHONEOS_DEPLOYMENT_TARGET = 15.5;
				MTL_ENABLE_DEBUG_INFO = INCLUDE_SOURCE;
				MTL_FAST_MATH = YES;
				ONLY_ACTIVE_ARCH = YES;
				SDKROOT = iphoneos;
				SWIFT_ACTIVE_COMPILATION_CONDITIONS = DEBUG;
				SWIFT_OPTIMIZATION_LEVEL = "-Onone";
			};
			name = Debug;
		};
		47B3F8FF28B5479A00FD3F2A /* Release */ = {
			isa = XCBuildConfiguration;
			buildSettings = {
				ALWAYS_SEARCH_USER_PATHS = NO;
				CLANG_ANALYZER_NONNULL = YES;
				CLANG_ANALYZER_NUMBER_OBJECT_CONVERSION = YES_AGGRESSIVE;
				CLANG_CXX_LANGUAGE_STANDARD = "gnu++17";
				CLANG_ENABLE_MODULES = YES;
				CLANG_ENABLE_OBJC_ARC = YES;
				CLANG_ENABLE_OBJC_WEAK = YES;
				CLANG_WARN_BLOCK_CAPTURE_AUTORELEASING = YES;
				CLANG_WARN_BOOL_CONVERSION = YES;
				CLANG_WARN_COMMA = YES;
				CLANG_WARN_CONSTANT_CONVERSION = YES;
				CLANG_WARN_DEPRECATED_OBJC_IMPLEMENTATIONS = YES;
				CLANG_WARN_DIRECT_OBJC_ISA_USAGE = YES_ERROR;
				CLANG_WARN_DOCUMENTATION_COMMENTS = YES;
				CLANG_WARN_EMPTY_BODY = YES;
				CLANG_WARN_ENUM_CONVERSION = YES;
				CLANG_WARN_INFINITE_RECURSION = YES;
				CLANG_WARN_INT_CONVERSION = YES;
				CLANG_WARN_NON_LITERAL_NULL_CONVERSION = YES;
				CLANG_WARN_OBJC_IMPLICIT_RETAIN_SELF = YES;
				CLANG_WARN_OBJC_LITERAL_CONVERSION = YES;
				CLANG_WARN_OBJC_ROOT_CLASS = YES_ERROR;
				CLANG_WARN_QUOTED_INCLUDE_IN_FRAMEWORK_HEADER = YES;
				CLANG_WARN_RANGE_LOOP_ANALYSIS = YES;
				CLANG_WARN_STRICT_PROTOTYPES = YES;
				CLANG_WARN_SUSPICIOUS_MOVE = YES;
				CLANG_WARN_UNGUARDED_AVAILABILITY = YES_AGGRESSIVE;
				CLANG_WARN_UNREACHABLE_CODE = YES;
				CLANG_WARN__DUPLICATE_METHOD_MATCH = YES;
				COPY_PHASE_STRIP = NO;
				DEBUG_INFORMATION_FORMAT = "dwarf-with-dsym";
				ENABLE_NS_ASSERTIONS = NO;
				ENABLE_STRICT_OBJC_MSGSEND = YES;
				GCC_C_LANGUAGE_STANDARD = gnu11;
				GCC_NO_COMMON_BLOCKS = YES;
				GCC_WARN_64_TO_32_BIT_CONVERSION = YES;
				GCC_WARN_ABOUT_RETURN_TYPE = YES_ERROR;
				GCC_WARN_UNDECLARED_SELECTOR = YES;
				GCC_WARN_UNINITIALIZED_AUTOS = YES_AGGRESSIVE;
				GCC_WARN_UNUSED_FUNCTION = YES;
				GCC_WARN_UNUSED_VARIABLE = YES;
				IPHONEOS_DEPLOYMENT_TARGET = 15.5;
				MTL_ENABLE_DEBUG_INFO = NO;
				MTL_FAST_MATH = YES;
				SDKROOT = iphoneos;
				SWIFT_COMPILATION_MODE = wholemodule;
				SWIFT_OPTIMIZATION_LEVEL = "-O";
				VALIDATE_PRODUCT = YES;
			};
			name = Release;
		};
		47B3F90128B5479A00FD3F2A /* Debug */ = {
			isa = XCBuildConfiguration;
			baseConfigurationReference = 526F3E2A9F877D33669B4B93 /* Pods-MyMessages.debug.xcconfig */;
			buildSettings = {
				ASSETCATALOG_COMPILER_APPICON_NAME = AppIcon;
				ASSETCATALOG_COMPILER_GLOBAL_ACCENT_COLOR_NAME = AccentColor;
				CODE_SIGN_STYLE = Automatic;
				CURRENT_PROJECT_VERSION = 1;
				GENERATE_INFOPLIST_FILE = YES;
				INFOPLIST_FILE = MyMessages/Info.plist;
				INFOPLIST_KEY_UIApplicationSupportsIndirectInputEvents = YES;
				INFOPLIST_KEY_UILaunchStoryboardName = LaunchScreen;
				INFOPLIST_KEY_UIMainStoryboardFile = Main;
				INFOPLIST_KEY_UISupportedInterfaceOrientations = UIInterfaceOrientationPortrait;
				INFOPLIST_KEY_UISupportedInterfaceOrientations_iPad = "UIInterfaceOrientationPortrait UIInterfaceOrientationPortraitUpsideDown UIInterfaceOrientationLandscapeLeft UIInterfaceOrientationLandscapeRight";
				INFOPLIST_KEY_UISupportedInterfaceOrientations_iPhone = "UIInterfaceOrientationPortrait UIInterfaceOrientationLandscapeLeft UIInterfaceOrientationLandscapeRight";
				LD_RUNPATH_SEARCH_PATHS = (
					"$(inherited)",
					"@executable_path/Frameworks",
				);
				MARKETING_VERSION = 1.0;
				PRODUCT_BUNDLE_IDENTIFIER = com.snooopyman.MyMessages;
				PRODUCT_NAME = "$(TARGET_NAME)";
				SWIFT_EMIT_LOC_STRINGS = YES;
				SWIFT_VERSION = 5.0;
				TARGETED_DEVICE_FAMILY = "1,2";
			};
			name = Debug;
		};
		47B3F90228B5479A00FD3F2A /* Release */ = {
			isa = XCBuildConfiguration;
			baseConfigurationReference = 28848F9C07CE14B4F98C805C /* Pods-MyMessages.release.xcconfig */;
			buildSettings = {
				ASSETCATALOG_COMPILER_APPICON_NAME = AppIcon;
				ASSETCATALOG_COMPILER_GLOBAL_ACCENT_COLOR_NAME = AccentColor;
				CODE_SIGN_STYLE = Automatic;
				CURRENT_PROJECT_VERSION = 1;
				GENERATE_INFOPLIST_FILE = YES;
				INFOPLIST_FILE = MyMessages/Info.plist;
				INFOPLIST_KEY_UIApplicationSupportsIndirectInputEvents = YES;
				INFOPLIST_KEY_UILaunchStoryboardName = LaunchScreen;
				INFOPLIST_KEY_UIMainStoryboardFile = Main;
				INFOPLIST_KEY_UISupportedInterfaceOrientations = UIInterfaceOrientationPortrait;
				INFOPLIST_KEY_UISupportedInterfaceOrientations_iPad = "UIInterfaceOrientationPortrait UIInterfaceOrientationPortraitUpsideDown UIInterfaceOrientationLandscapeLeft UIInterfaceOrientationLandscapeRight";
				INFOPLIST_KEY_UISupportedInterfaceOrientations_iPhone = "UIInterfaceOrientationPortrait UIInterfaceOrientationLandscapeLeft UIInterfaceOrientationLandscapeRight";
				LD_RUNPATH_SEARCH_PATHS = (
					"$(inherited)",
					"@executable_path/Frameworks",
				);
				MARKETING_VERSION = 1.0;
				PRODUCT_BUNDLE_IDENTIFIER = com.snooopyman.MyMessages;
				PRODUCT_NAME = "$(TARGET_NAME)";
				SWIFT_EMIT_LOC_STRINGS = YES;
				SWIFT_VERSION = 5.0;
				TARGETED_DEVICE_FAMILY = "1,2";
			};
			name = Release;
		};
/* End XCBuildConfiguration section */

/* Begin XCConfigurationList section */
		47B3F8E728B5479900FD3F2A /* Build configuration list for PBXProject "MyMessages" */ = {
			isa = XCConfigurationList;
			buildConfigurations = (
				47B3F8FE28B5479A00FD3F2A /* Debug */,
				47B3F8FF28B5479A00FD3F2A /* Release */,
			);
			defaultConfigurationIsVisible = 0;
			defaultConfigurationName = Release;
		};
		47B3F90028B5479A00FD3F2A /* Build configuration list for PBXNativeTarget "MyMessages" */ = {
			isa = XCConfigurationList;
			buildConfigurations = (
				47B3F90128B5479A00FD3F2A /* Debug */,
				47B3F90228B5479A00FD3F2A /* Release */,
			);
			defaultConfigurationIsVisible = 0;
			defaultConfigurationName = Release;
		};
/* End XCConfigurationList section */
	};
	rootObject = 47B3F8E428B5479900FD3F2A /* Project object */;
}
